
Microsoft Visual Studio Solution File, Format Version 12.00
# Visual Studio 15
VisualStudioVersion = 15.0.28307.779
MinimumVisualStudioVersion = 10.0.40219.1
Project("{FAE04EC0-301F-11D3-BF4B-00C04F79EFBC}") = "Shop.Common", "Shop.Common\Shop.Common.csproj", "{7C9DABE7-8934-4771-944A-E661143937B1}"
EndProject
Project("{FAE04EC0-301F-11D3-BF4B-00C04F79EFBC}") = "Shop.Model", "Shop.Model\Shop.Model.csproj", "{C3F74D7D-B44E-49C5-95B8-772B2E3B2717}"
EndProject
Project("{FAE04EC0-301F-11D3-BF4B-00C04F79EFBC}") = "Shop.Service", "Shop.Service\Shop.Service.csproj", "{4CD17256-0D58-4687-B85A-CB878EF26191}"
EndProject
Project("{FAE04EC0-301F-11D3-BF4B-00C04F79EFBC}") = "Shop.UnitTest", "Shop.UnitTest\Shop.UnitTest.csproj", "{05523F3B-871E-4C54-A5AF-856422969A9F}"
EndProject
Project("{FAE04EC0-301F-11D3-BF4B-00C04F79EFBC}") = "Shop.Web", "Shop.Web\Shop.Web.csproj", "{C0C7DD10-C3EC-4380-BA85-EA320C04CEDC}"
EndProject
Project("{FAE04EC0-301F-11D3-BF4B-00C04F79EFBC}") = "Shop.Data", "Shop.Data\Shop.Data.csproj", "{C5CA5D29-0BBB-4F7F-A62D-B3C61B49000C}"
EndProject
Global
	GlobalSection(SolutionConfigurationPlatforms) = preSolution
		Debug|Any CPU = Debug|Any CPU
		Release|Any CPU = Release|Any CPU
	EndGlobalSection
	GlobalSection(ProjectConfigurationPlatforms) = postSolution
		{7C9DABE7-8934-4771-944A-E661143937B1}.Debug|Any CPU.ActiveCfg = Debug|Any CPU
		{7C9DABE7-8934-4771-944A-E661143937B1}.Debug|Any CPU.Build.0 = Debug|Any CPU
		{7C9DABE7-8934-4771-944A-E661143937B1}.Release|Any CPU.ActiveCfg = Release|Any CPU
		{7C9DABE7-8934-4771-944A-E661143937B1}.Release|Any CPU.Build.0 = Release|Any CPU
		{C3F74D7D-B44E-49C5-95B8-772B2E3B2717}.Debug|Any CPU.ActiveCfg = Debug|Any CPU
		{C3F74D7D-B44E-49C5-95B8-772B2E3B2717}.Debug|Any CPU.Build.0 = Debug|Any CPU
		{C3F74D7D-B44E-49C5-95B8-772B2E3B2717}.Release|Any CPU.ActiveCfg = Release|Any CPU
		{C3F74D7D-B44E-49C5-95B8-772B2E3B2717}.Release|Any CPU.Build.0 = Release|Any CPU
		{4CD17256-0D58-4687-B85A-CB878EF26191}.Debug|Any CPU.ActiveCfg = Debug|Any CPU
		{4CD17256-0D58-4687-B85A-CB878EF26191}.Debug|Any CPU.Build.0 = Debug|Any CPU
		{4CD17256-0D58-4687-B85A-CB878EF26191}.Release|Any CPU.ActiveCfg = Release|Any CPU
		{4CD17256-0D58-4687-B85A-CB878EF26191}.Release|Any CPU.Build.0 = Release|Any CPU
		{05523F3B-871E-4C54-A5AF-856422969A9F}.Debug|Any CPU.ActiveCfg = Debug|Any CPU
		{05523F3B-871E-4C54-A5AF-856422969A9F}.Debug|Any CPU.Build.0 = Debug|Any CPU
		{05523F3B-871E-4C54-A5AF-856422969A9F}.Release|Any CPU.ActiveCfg = Release|Any CPU
		{05523F3B-871E-4C54-A5AF-856422969A9F}.Release|Any CPU.Build.0 = Release|Any CPU
		{C0C7DD10-C3EC-4380-BA85-EA320C04CEDC}.Debug|Any CPU.ActiveCfg = Debug|Any CPU
		{C0C7DD10-C3EC-4380-BA85-EA320C04CEDC}.Debug|Any CPU.Build.0 = Debug|Any CPU
		{C0C7DD10-C3EC-4380-BA85-EA320C04CEDC}.Release|Any CPU.ActiveCfg = Release|Any CPU
		{C0C7DD10-C3EC-4380-BA85-EA320C04CEDC}.Release|Any CPU.Build.0 = Release|Any CPU
		{C5CA5D29-0BBB-4F7F-A62D-B3C61B49000C}.Debug|Any CPU.ActiveCfg = Debug|Any CPU
		{C5CA5D29-0BBB-4F7F-A62D-B3C61B49000C}.Debug|Any CPU.Build.0 = Debug|Any CPU
		{C5CA5D29-0BBB-4F7F-A62D-B3C61B49000C}.Release|Any CPU.ActiveCfg = Release|Any CPU
		{C5CA5D29-0BBB-4F7F-A62D-B3C61B49000C}.Release|Any CPU.Build.0 = Release|Any CPU
	EndGlobalSection
	GlobalSection(SolutionProperties) = preSolution
		HideSolutionNode = FALSE
	EndGlobalSection
	GlobalSection(ExtensibilityGlobals) = postSolution
		SolutionGuid = {174A71FB-605A-4DB4-A646-E71689244CA4}
	EndGlobalSection
EndGlobal
